
Microsoft Visual Studio Solution File, Format Version 12.00
# Visual Studio Version 17
VisualStudioVersion = 17.11.35312.102
MinimumVisualStudioVersion = 10.0.40219.1
Project("{9A19103F-16F7-4668-BE54-9A1E7A4F7556}") = "RecipeService", "RecipeService\RecipeService.csproj", "{226B4930-B750-42E7-BB6A-551B5F0CCA8E}"
EndProject
Project("{9A19103F-16F7-4668-BE54-9A1E7A4F7556}") = "AuthService", "AuthService\AuthService.csproj", "{AB7E6AA3-472E-4996-BD4D-D2BD90A5148C}"
EndProject
Project("{9A19103F-16F7-4668-BE54-9A1E7A4F7556}") = "RecommendationService", "RecommendationService\RecommendationService.csproj", "{88AF2B5A-279F-4AC5-9D76-AF9D04F29213}"
EndProject
Project("{E53339B2-1760-4266-BCC7-CA923CBCF16C}") = "docker-compose", "docker-compose.dcproj", "{888C1DDF-62AD-4FF6-9F2B-4913DE0F7F6B}"
EndProject
Project("{9A19103F-16F7-4668-BE54-9A1E7A4F7556}") = "AuthService.Tests", "..\AuthService.Tests\AuthService.Tests.csproj", "{FD07C2BC-A204-4685-871F-6D8C48E59468}"
EndProject
Project("{9A19103F-16F7-4668-BE54-9A1E7A4F7556}") = "RecipeService.Tests", "..\RecipeService.Tests\RecipeService.Tests.csproj", "{F48C2693-A2A6-4CF8-928B-612F59AF5E0D}"
EndProject
Project("{FAE04EC0-301F-11D3-BF4B-00C04F79EFBC}") = "RecommendationService.Tests", "..\RecommendationService.Tests\RecommendationService.Tests.csproj", "{F0A06AC2-5449-4EC2-8151-702891B22E18}"
EndProject
Global
	GlobalSection(SolutionConfigurationPlatforms) = preSolution
		Debug|Any CPU = Debug|Any CPU
		Release|Any CPU = Release|Any CPU
	EndGlobalSection
	GlobalSection(ProjectConfigurationPlatforms) = postSolution
		{226B4930-B750-42E7-BB6A-551B5F0CCA8E}.Debug|Any CPU.ActiveCfg = Debug|Any CPU
		{226B4930-B750-42E7-BB6A-551B5F0CCA8E}.Debug|Any CPU.Build.0 = Debug|Any CPU
		{226B4930-B750-42E7-BB6A-551B5F0CCA8E}.Release|Any CPU.ActiveCfg = Release|Any CPU
		{226B4930-B750-42E7-BB6A-551B5F0CCA8E}.Release|Any CPU.Build.0 = Release|Any CPU
		{AB7E6AA3-472E-4996-BD4D-D2BD90A5148C}.Debug|Any CPU.ActiveCfg = Debug|Any CPU
		{AB7E6AA3-472E-4996-BD4D-D2BD90A5148C}.Debug|Any CPU.Build.0 = Debug|Any CPU
		{AB7E6AA3-472E-4996-BD4D-D2BD90A5148C}.Release|Any CPU.ActiveCfg = Release|Any CPU
		{AB7E6AA3-472E-4996-BD4D-D2BD90A5148C}.Release|Any CPU.Build.0 = Release|Any CPU
		{88AF2B5A-279F-4AC5-9D76-AF9D04F29213}.Debug|Any CPU.ActiveCfg = Debug|Any CPU
		{88AF2B5A-279F-4AC5-9D76-AF9D04F29213}.Debug|Any CPU.Build.0 = Debug|Any CPU
		{88AF2B5A-279F-4AC5-9D76-AF9D04F29213}.Release|Any CPU.ActiveCfg = Release|Any CPU
		{88AF2B5A-279F-4AC5-9D76-AF9D04F29213}.Release|Any CPU.Build.0 = Release|Any CPU
		{888C1DDF-62AD-4FF6-9F2B-4913DE0F7F6B}.Debug|Any CPU.ActiveCfg = Debug|Any CPU
		{888C1DDF-62AD-4FF6-9F2B-4913DE0F7F6B}.Debug|Any CPU.Build.0 = Debug|Any CPU
		{888C1DDF-62AD-4FF6-9F2B-4913DE0F7F6B}.Release|Any CPU.ActiveCfg = Release|Any CPU
		{888C1DDF-62AD-4FF6-9F2B-4913DE0F7F6B}.Release|Any CPU.Build.0 = Release|Any CPU
		{FD07C2BC-A204-4685-871F-6D8C48E59468}.Debug|Any CPU.ActiveCfg = Debug|Any CPU
		{FD07C2BC-A204-4685-871F-6D8C48E59468}.Debug|Any CPU.Build.0 = Debug|Any CPU
		{FD07C2BC-A204-4685-871F-6D8C48E59468}.Release|Any CPU.ActiveCfg = Release|Any CPU
		{FD07C2BC-A204-4685-871F-6D8C48E59468}.Release|Any CPU.Build.0 = Release|Any CPU
		{F48C2693-A2A6-4CF8-928B-612F59AF5E0D}.Debug|Any CPU.ActiveCfg = Debug|Any CPU
		{F48C2693-A2A6-4CF8-928B-612F59AF5E0D}.Debug|Any CPU.Build.0 = Debug|Any CPU
		{F48C2693-A2A6-4CF8-928B-612F59AF5E0D}.Release|Any CPU.ActiveCfg = Release|Any CPU
		{F48C2693-A2A6-4CF8-928B-612F59AF5E0D}.Release|Any CPU.Build.0 = Release|Any CPU
		{F0A06AC2-5449-4EC2-8151-702891B22E18}.Debug|Any CPU.ActiveCfg = Debug|Any CPU
		{F0A06AC2-5449-4EC2-8151-702891B22E18}.Debug|Any CPU.Build.0 = Debug|Any CPU
		{F0A06AC2-5449-4EC2-8151-702891B22E18}.Release|Any CPU.ActiveCfg = Release|Any CPU
		{F0A06AC2-5449-4EC2-8151-702891B22E18}.Release|Any CPU.Build.0 = Release|Any CPU
	EndGlobalSection
	GlobalSection(SolutionProperties) = preSolution
		HideSolutionNode = FALSE
	EndGlobalSection
	GlobalSection(ExtensibilityGlobals) = postSolution
		SolutionGuid = {DFBEF7EA-6FD1-4984-A1EF-DC44C702836D}
	EndGlobalSection
EndGlobal
